// !$*UTF8*$!
{
	archiveVersion = 1;
	classes = {
	};
	objectVersion = 77;
	objects = {

/* Begin PBXBuildFile section */
		07A2F4C13B6A4D91A32E7801 /* Assets.xcassets in Resources */ = {isa = PBXBuildFile; fileRef = 07A2F4C13B6A4D91A32E7800 /* Assets.xcassets */; };
		0D0FFD43456FF9B083A5AE92 /* APIServiceIntegrationTests.swift in Sources */ = {isa = PBXBuildFile; fileRef = A4ED51E6300690222125BE0F /* APIServiceIntegrationTests.swift */; };
		15AD31D0C4E3492E8A55B102 /* OutfitAppE2ETests.swift in Sources */ = {isa = PBXBuildFile; fileRef = 45B16CF6F3594C0FA64DDF44 /* OutfitAppE2ETests.swift */; };
		17264711E2D62BDF6ED8703C /* OutfitSuggestionView.swift in Sources */ = {isa = PBXBuildFile; fileRef = 18F5CCBC1004CA2D66F07B2E /* OutfitSuggestionView.swift */; };
		17F65BD1144F4A9136BB2454 /* InsightsView.swift in Sources */ = {isa = PBXBuildFile; fileRef = 777166D6A9515B3BA3538439 /* InsightsView.swift */; };
		211622AE1065E76C4D82451E /* RootView.swift in Sources */ = {isa = PBXBuildFile; fileRef = 65F83DC80A17A5A7B6CC15D0 /* RootView.swift */; };
		219CC1A4A5BDD78FC15E6D32 /* ContentView.swift in Sources */ = {isa = PBXBuildFile; fileRef = 7E8840F40CF3A5119424E263 /* ContentView.swift */; };
		23CB85FFAAF34EEC0F240672 /* AppConfig.swift in Sources */ = {isa = PBXBuildFile; fileRef = 585D224C3BAB35D9CD03EA3B /* AppConfig.swift */; };
		309273348A8D785B69481960 /* WardrobeFormView.swift in Sources */ = {isa = PBXBuildFile; fileRef = B35421E2E5C40F12D828A0A4 /* WardrobeFormView.swift */; };
		31DDD4470D0C8ECF436D00C0 /* SettingsView.swift in Sources */ = {isa = PBXBuildFile; fileRef = 8E0406F4D345CC73138185B9 /* SettingsView.swift */; };
		374506E92269BDC77604854D /* OutfitViewModel.swift in Sources */ = {isa = PBXBuildFile; fileRef = 14E774459799783475D23A6C /* OutfitViewModel.swift */; };
		383DA19CACB3651B2D0FC6C9 /* FiltersView.swift in Sources */ = {isa = PBXBuildFile; fileRef = 2602BE97B13F02079895BAEB /* FiltersView.swift */; };
		4DABFC76E9721EC3C1650A63 /* ImageUploadView.swift in Sources */ = {isa = PBXBuildFile; fileRef = 977BD13092DD8A2D98C4471D /* ImageUploadView.swift */; };
		60583B08BD2D4605B3166DE6 /* UserGuideView.swift in Sources */ = {isa = PBXBuildFile; fileRef = 3C4C31A8216581E9E830B306 /* UserGuideView.swift */; };
		683FED622F1AA3A70F6DF6D8 /* RegisterView.swift in Sources */ = {isa = PBXBuildFile; fileRef = FE5F606B5AC2399FF91EAC92 /* RegisterView.swift */; };
		6A38E281F7B4478F66364468 /* OutfitModels.swift in Sources */ = {isa = PBXBuildFile; fileRef = 4BC8F20C54523955442C7FFF /* OutfitModels.swift */; };
		7248256EB6986D8D67B77C40 /* OutfitSuggestorApp.swift in Sources */ = {isa = PBXBuildFile; fileRef = DE08B45FCDDE652CA1907D91 /* OutfitSuggestorApp.swift */; };
		7779D09FCF0EEFFC28A2259E /* LocationService.swift in Sources */ = {isa = PBXBuildFile; fileRef = 79B25D4D09B5BB781246B0DF /* LocationService.swift */; };
		96A83F2AAE2ED65AD4E24997 /* AuthService.swift in Sources */ = {isa = PBXBuildFile; fileRef = 62893A1B15D2311F3AEBA721 /* AuthService.swift */; };
		9BE1667E64CA0C40EDF6B0C1 /* LoginView.swift in Sources */ = {isa = PBXBuildFile; fileRef = 1E0DF875D431141A2F841D3F /* LoginView.swift */; };
		A963F0085A29335578FB7847 /* ImagePicker.swift in Sources */ = {isa = PBXBuildFile; fileRef = E3016CC9235E918186E85387 /* ImagePicker.swift */; };
		A1B2C3D4E5F60718293A4B5D /* AiProgressSteps.swift in Sources */ = {isa = PBXBuildFile; fileRef = A1B2C3D4E5F60718293A4B5C /* AiProgressSteps.swift */; };
		D4E5F60718293A4B5C6D8E2 /* AuthPromptCopy.swift in Sources */ = {isa = PBXBuildFile; fileRef = D4E5F60718293A4B5C6D8E1 /* AuthPromptCopy.swift */; };
		AFM01BF0000000000000001 /* AuthFormMessages.swift in Sources */ = {isa = PBXBuildFile; fileRef = AFM01FR0000000000000001 /* AuthFormMessages.swift */; };
		E5F60718293A4B5C6D7E8F3 /* GuestAuthSheetView.swift in Sources */ = {isa = PBXBuildFile; fileRef = E5F60718293A4B5C6D7E8F2 /* GuestAuthSheetView.swift */; };
		B2C3D4E5F60718293A4B5C6E /* AiProgressPanelView.swift in Sources */ = {isa = PBXBuildFile; fileRef = B2C3D4E5F60718293A4B5C6D /* AiProgressPanelView.swift */; };
		C3D4E5F60718293A4B5C6D7E /* AiProgressStepsTests.swift in Sources */ = {isa = PBXBuildFile; fileRef = C3D4E5F60718293A4B5C6D7D /* AiProgressStepsTests.swift */; };
		AA245C6D61B794ED24A4FB23 /* HistoryModels.swift in Sources */ = {isa = PBXBuildFile; fileRef = EF7CFFE9C12AF6FE014BD2FD /* HistoryModels.swift */; };
		AAE87AAF310E73964C11C7FB /* WardrobeListView.swift in Sources */ = {isa = PBXBuildFile; fileRef = 66828E50349EE49EE62FFFFD /* WardrobeListView.swift */; };
		B030C4AADF57B3488189CD98 /* AuthModels.swift in Sources */ = {isa = PBXBuildFile; fileRef = E7F8B084F37279B1A44C15F4 /* AuthModels.swift */; };
		B8A0449F46DB87CCAFA78217 /* MainTabView.swift in Sources */ = {isa = PBXBuildFile; fileRef = 09D6378272AE2D99A215788C /* MainTabView.swift */; };
		BDC51E614A7C765FB3FA7572 /* OutfitViewModelIntegrationTests.swift in Sources */ = {isa = PBXBuildFile; fileRef = D86343F4A060EB70A1831EAA /* OutfitViewModelIntegrationTests.swift */; };
		C7F027A59B48C9E0730C18C5 /* AboutView.swift in Sources */ = {isa = PBXBuildFile; fileRef = 60FB09DAD00AB05C5F220D23 /* AboutView.swift */; };
		C9F8C11DE63D85713E22F929 /* AppTheme.swift in Sources */ = {isa = PBXBuildFile; fileRef = 1BC4B22EF6A4F893952634C9 /* AppTheme.swift */; };
		D49CCC05C1C483C20F5B066E /* APIService.swift in Sources */ = {isa = PBXBuildFile; fileRef = D805DBEB8393D1EF9B9EAD33 /* APIService.swift */; };
		D4C904B093445C0E14BB2DA5 /* ReportsView.swift in Sources */ = {isa = PBXBuildFile; fileRef = 9AF4C72CE761E107EEAD6ED6 /* ReportsView.swift */; };
		E4D8F27D9BCD253F45AF2C89 /* MainFlowView.swift in Sources */ = {isa = PBXBuildFile; fileRef = 106F6C638D7D7BC45FC53DE7 /* MainFlowView.swift */; };
		E4EBFCF3A8E4ECF596229B62 /* WardrobeModels.swift in Sources */ = {isa = PBXBuildFile; fileRef = CAD5EBF0712C9529021C41B8 /* WardrobeModels.swift */; };
		F68C6A553BEF575A09AD033F /* HistoryListView.swift in Sources */ = {isa = PBXBuildFile; fileRef = 4CBF29F94D7782AC11CB81D9 /* HistoryListView.swift */; };
		F88BE9025293974B0251B9F9 /* HeroView.swift in Sources */ = {isa = PBXBuildFile; fileRef = 7D48E9D66A6647B473956314 /* HeroView.swift */; };
		1A2B3C4D5E6F708192A3B4C6 /* HomeHeaderView.swift in Sources */ = {isa = PBXBuildFile; fileRef = 1A2B3C4D5E6F708192A3B4C5 /* HomeHeaderView.swift */; };
		5E6F708192A3B4C5D6E7F80A /* RecentLooksSection.swift in Sources */ = {isa = PBXBuildFile; fileRef = 5E6F708192A3B4C5D6E7F809 /* RecentLooksSection.swift */; };
		FA023D9F55B7FB5B4FF54BED /* TokenStorage.swift in Sources */ = {isa = PBXBuildFile; fileRef = 54E8D18B61E9EF222656069F /* TokenStorage.swift */; };
		A4B5C6D7E8F9012345678A02 /* GuestSession.swift in Sources */ = {isa = PBXBuildFile; fileRef = A4B5C6D7E8F9012345678A01 /* GuestSession.swift */; };
		FD933F9E2EC6AC064C14756F /* AppConfigTests.swift in Sources */ = {isa = PBXBuildFile; fileRef = 969C61A8446536869AAFE1CD /* AppConfigTests.swift */; };
		AFM01TF0000000000000001 /* AuthFormMessagesTests.swift in Sources */ = {isa = PBXBuildFile; fileRef = AFM01TR0000000000000001 /* AuthFormMessagesTests.swift */; };
		F1A2B3C4D5E6F708192A3B4D /* AppRoute.swift in Sources */ = {isa = PBXBuildFile; fileRef = E1A2B3C4D5E6F708192A3B4C /* AppRoute.swift */; };
		F2A3B4C5D6E7F809293A4B5E /* RouteCoordinator.swift in Sources */ = {isa = PBXBuildFile; fileRef = E2A3B4C5D6E7F809293A4B5D /* RouteCoordinator.swift */; };
		F3A4B5C6D7E8F90A394A5B6F /* AdminIntegrationTestRunnerView.swift in Sources */ = {isa = PBXBuildFile; fileRef = E3A4B5C6D7E8F90A394A5B6E /* AdminIntegrationTestRunnerView.swift */; };
		W1A2B3C4D5E6F708192A3B51 /* WardrobeCardUx.swift in Sources */ = {isa = PBXBuildFile; fileRef = W1A2B3C4D5E6F708192A3B50 /* WardrobeCardUx.swift */; };
		I2A3B4C5D6E7F809293A4B62 /* InsightsCopy.swift in Sources */ = {isa = PBXBuildFile; fileRef = I1A2B3C4D5E6F708192A3B52 /* InsightsCopy.swift */; };
		I4A5B6C7D8E9012345678A03 /* InsightsCopyTests.swift in Sources */ = {isa = PBXBuildFile; fileRef = I3A4B5C6D7E8F90A394A5B70 /* InsightsCopyTests.swift */; };
		M2A3B4C5D6E7F809293A4B63 /* MicroHelpCopy.swift in Sources */ = {isa = PBXBuildFile; fileRef = M1A2B3C4D5E6F708192A3B53 /* MicroHelpCopy.swift */; };
		A1V2I3S4B5I6L7I8T9Y0A01 /* AdminVisibility.swift in Sources */ = {isa = PBXBuildFile; fileRef = A1V2I3S4B5I6L7I8T9Y0A02 /* AdminVisibility.swift */; };
		A1V2I3S4B5I6L7I8T9Y0A03 /* AdminVisibilityTests.swift in Sources */ = {isa = PBXBuildFile; fileRef = A1V2I3S4B5I6L7I8T9Y0A04 /* AdminVisibilityTests.swift */; };
		M4A5B6C7D8E9012345678A04 /* MicroHelpCopyTests.swift in Sources */ = {isa = PBXBuildFile; fileRef = M3A4B5C6D7E8F90A394A5B71 /* MicroHelpCopyTests.swift */; };
		W2A3B4C5D6E7F809293A4B61 /* WardrobeCardUxTests.swift in Sources */ = {isa = PBXBuildFile; fileRef = W2A3B4C5D6E7F809293A4B60 /* WardrobeCardUxTests.swift */; };
		WCF01BF0000000000000001 /* WardrobeCategoryDisplay.swift in Sources */ = {isa = PBXBuildFile; fileRef = WCF01FR0000000000000001 /* WardrobeCategoryDisplay.swift */; };
		WCF01BF0000000000000002 /* WardrobeCategoryFilterTests.swift in Sources */ = {isa = PBXBuildFile; fileRef = WCF01FR0000000000000002 /* WardrobeCategoryFilterTests.swift */; };
		F1R2U3N4C5O6A7C8H900001 /* FirstRunCoachLogic.swift in Sources */ = {isa = PBXBuildFile; fileRef = F1R2U3N4C5O6A7C8H900002 /* FirstRunCoachLogic.swift */; };
		F1R2U3N4C5O6A7C8H900003 /* FirstRunCoachView.swift in Sources */ = {isa = PBXBuildFile; fileRef = F1R2U3N4C5O6A7C8H900004 /* FirstRunCoachView.swift */; };
		F1R2U3N4C5O6A7C8H900005 /* EmptyOutfitPreviewView.swift in Sources */ = {isa = PBXBuildFile; fileRef = F1R2U3N4C5O6A7C8H900006 /* EmptyOutfitPreviewView.swift */; };
		F1R2U3N4C5O6A7C8H900007 /* CollapsedPreferencesRow.swift in Sources */ = {isa = PBXBuildFile; fileRef = F1R2U3N4C5O6A7C8H900008 /* CollapsedPreferencesRow.swift */; };
		F1R2U3N4C5O6A7C8H900009 /* FirstRunCoachTests.swift in Sources */ = {isa = PBXBuildFile; fileRef = F1R2U3N4C5O6A7C8H90000A /* FirstRunCoachTests.swift */; };
		G1U2E3S4T5L6I7M8I900001 /* MainFlowGuestLimitLogic.swift in Sources */ = {isa = PBXBuildFile; fileRef = G1U2E3S4T5L6I7M8I900002 /* MainFlowGuestLimitLogic.swift */; };
		M1F2L3A4Y5O6U7T8L9O0G01 /* MainFlowLayoutLogic.swift in Sources */ = {isa = PBXBuildFile; fileRef = M1F2L3A4Y5O6U7T8L9O0G02 /* MainFlowLayoutLogic.swift */; };
		G1U2E3S4T5L6I7M8I900003 /* GuestLimitAuthUxTests.swift in Sources */ = {isa = PBXBuildFile; fileRef = G1U2E3S4T5L6I7M8I900004 /* GuestLimitAuthUxTests.swift */; };
		A1R2E3P4O5R6T7M8O9D0E02 /* ReportsModels.swift in Sources */ = {isa = PBXBuildFile; fileRef = A1R2E3P4O5R6T7M8O9D0E01 /* ReportsModels.swift */; };
		A1R2E3P4O5R6T7M8O9D0E04 /* ReportsViewModel.swift in Sources */ = {isa = PBXBuildFile; fileRef = A1R2E3P4O5R6T7M8O9D0E03 /* ReportsViewModel.swift */; };
		A1R2E3P4O5R6T7M8O9D0E06 /* ReportsViewModelTests.swift in Sources */ = {isa = PBXBuildFile; fileRef = A1R2E3P4O5R6T7M8O9D0E05 /* ReportsViewModelTests.swift */; };
		M1F2L3O4W5U6X7C8O9P0Y01 /* MainFlowUxCopy.swift in Sources */ = {isa = PBXBuildFile; fileRef = M1F2L3O4W5U6X7C8O9P0Y02 /* MainFlowUxCopy.swift */; };
		M1F2L3O4W5U6X7C8O9P0Y03 /* ReasoningBullets.swift in Sources */ = {isa = PBXBuildFile; fileRef = M1F2L3O4W5U6X7C8O9P0Y04 /* ReasoningBullets.swift */; };
		M1F2L3O4W5U6X7C8O9P0Y05 /* OutfitContextLine.swift in Sources */ = {isa = PBXBuildFile; fileRef = M1F2L3O4W5U6X7C8O9P0Y06 /* OutfitContextLine.swift */; };
		M1F2L3O4W5U6X7C8O9P0Y07 /* OutfitItemCardText.swift in Sources */ = {isa = PBXBuildFile; fileRef = M1F2L3O4W5U6X7C8O9P0Y08 /* OutfitItemCardText.swift */; };
		M1F2L3O4W5U6X7C8O9P0Y09 /* OutfitItemCardView.swift in Sources */ = {isa = PBXBuildFile; fileRef = M1F2L3O4W5U6X7C8O9P0Y0A /* OutfitItemCardView.swift */; };
		M1F2L3O4W5U6X7C8O9P0Y0B /* RefineMenuView.swift in Sources */ = {isa = PBXBuildFile; fileRef = M1F2L3O4W5U6X7C8O9P0Y0C /* RefineMenuView.swift */; };
		M1F2L3O4W5U6X7C8O9P0Y0D /* MainFlowCompactSummaryView.swift in Sources */ = {isa = PBXBuildFile; fileRef = M1F2L3O4W5U6X7C8O9P0Y0E /* MainFlowCompactSummaryView.swift */; };
		M1F2L3O4W5U6X7C8O9P0Y0F /* MainFlowUxContractTests.swift in Sources */ = {isa = PBXBuildFile; fileRef = M1F2L3O4W5U6X7C8O9P0Y10 /* MainFlowUxContractTests.swift */; };
		R1E2G3E4N5L6O7G8I9C001 /* MainFlowResultRegenerateLogic.swift in Sources */ = {isa = PBXBuildFile; fileRef = R1E2G3E4N5L6O7G8I9C002 /* MainFlowResultRegenerateLogic.swift */; };
		R1E2G3E4N5L6O7G8I9C003 /* MainFlowResultRegenerateLogicTests.swift in Sources */ = {isa = PBXBuildFile; fileRef = R1E2G3E4N5L6O7G8I9C004 /* MainFlowResultRegenerateLogicTests.swift */; };
		R1H2I3S4T5O6R7Y8S9E0L01 /* RandomHistorySelection.swift in Sources */ = {isa = PBXBuildFile; fileRef = R1H2I3S4T5O6R7Y8S9E0L02 /* RandomHistorySelection.swift */; };
		R1H2I3S4T5O6R7Y8S9E0L03 /* RandomHistorySelectionTests.swift in Sources */ = {isa = PBXBuildFile; fileRef = R1H2I3S4T5O6R7Y8S9E0L04 /* RandomHistorySelectionTests.swift */; };
		WRS01BF0000000000000001 /* WardrobeRandomSession.swift in Sources */ = {isa = PBXBuildFile; fileRef = WRS01FR0000000000000001 /* WardrobeRandomSession.swift */; };
		OPU01BF0000000000000001 /* OutfitPromptUtils.swift in Sources */ = {isa = PBXBuildFile; fileRef = OPU01FR0000000000000001 /* OutfitPromptUtils.swift */; };
		WRS01BF0000000000000002 /* WardrobeRandomSessionTests.swift in Sources */ = {isa = PBXBuildFile; fileRef = WRS01FR0000000000000002 /* WardrobeRandomSessionTests.swift */; };
		M1F2L3A4Y5O6U7T8L9O0G03 /* MainFlowLayoutLogicTests.swift in Sources */ = {isa = PBXBuildFile; fileRef = M1F2L3A4Y5O6U7T8L9O0G04 /* MainFlowLayoutLogicTests.swift */; };
		F1L2T3E4R5V6I7E8W900001 /* FiltersViewTests.swift in Sources */ = {isa = PBXBuildFile; fileRef = F1L2T3E4R5V6I7E8W900002 /* FiltersViewTests.swift */; };
		O1I2T3H4U5M6B7N8A9I0L02 /* OutfitItemThumbnail.swift in Sources */ = {isa = PBXBuildFile; fileRef = O1I2T3H4U5M6B7N8A9I0L01 /* OutfitItemThumbnail.swift */; };
		O1U2P3L4O5A6D7C8A9T0G02 /* OutfitUploadCategory.swift in Sources */ = {isa = PBXBuildFile; fileRef = O1U2P3L4O5A6D7C8A9T0G01 /* OutfitUploadCategory.swift */; };
		O1I2T3H4U5M6B7N8A9I0L04 /* OutfitItemThumbnailTests.swift in Sources */ = {isa = PBXBuildFile; fileRef = O1I2T3H4U5M6B7N8A9I0L03 /* OutfitItemThumbnailTests.swift */; };
		O1O2L3A4Y5E6R7S8V9T02 /* OutfitOptionalLayers.swift in Sources */ = {isa = PBXBuildFile; fileRef = O1O2L3A4Y5E6R7S8V9T01 /* OutfitOptionalLayers.swift */; };
		O1L2A3Y4E5R6E7X8C9L0U02 /* OutfitLayerExclusivity.swift in Sources */ = {isa = PBXBuildFile; fileRef = O1L2A3Y4E5R6E7X8C9L0U01 /* OutfitLayerExclusivity.swift */; };
		O1S2V3T4E5S6T7V8I9E0W02 /* OutfitSuggestionViewTests.swift in Sources */ = {isa = PBXBuildFile; fileRef = O1S2V3T4E5S6T7V8I9E0W01 /* OutfitSuggestionViewTests.swift */; };
		WIR01BF0000000000000001 /* WardrobeInsightResult.swift in Sources */ = {isa = PBXBuildFile; fileRef = WIR01FR0000000000000001 /* WardrobeInsightResult.swift */; };
		NWI01BF0000000000000001 /* NormalizeWardrobeInsight.swift in Sources */ = {isa = PBXBuildFile; fileRef = NWI01FR0000000000000001 /* NormalizeWardrobeInsight.swift */; };
		WIP01BF0000000000000001 /* WardrobeInsightsPresentation.swift in Sources */ = {isa = PBXBuildFile; fileRef = WIP01FR0000000000000001 /* WardrobeInsightsPresentation.swift */; };
		WSL01BF0000000000000001 /* WardrobeInsightShoppingList.swift in Sources */ = {isa = PBXBuildFile; fileRef = WSL01FR0000000000000001 /* WardrobeInsightShoppingList.swift */; };
		ISV01BF0000000000000001 /* InsightsSharedViews.swift in Sources */ = {isa = PBXBuildFile; fileRef = ISV01FR0000000000000001 /* InsightsSharedViews.swift */; };
		SLV01BF0000000000000001 /* ShoppingListView.swift in Sources */ = {isa = PBXBuildFile; fileRef = SLV01FR0000000000000001 /* ShoppingListView.swift */; };
		IHV01BF0000000000000001 /* InsightsHeaderView.swift in Sources */ = {isa = PBXBuildFile; fileRef = IHV01FR0000000000000001 /* InsightsHeaderView.swift */; };
		ACB01BF0000000000000001 /* AnalysisContextBarView.swift in Sources */ = {isa = PBXBuildFile; fileRef = ACB01FR0000000000000001 /* AnalysisContextBarView.swift */; };
		APV01BF0000000000000001 /* AnalysisPreferencesView.swift in Sources */ = {isa = PBXBuildFile; fileRef = APV01FR0000000000000001 /* AnalysisPreferencesView.swift */; };
		ISC01BF0000000000000001 /* InsightSummaryCardView.swift in Sources */ = {isa = PBXBuildFile; fileRef = ISC01FR0000000000000001 /* InsightSummaryCardView.swift */; };
		TMI01BF0000000000000001 /* TopMissingItemsView.swift in Sources */ = {isa = PBXBuildFile; fileRef = TMI01FR0000000000000001 /* TopMissingItemsView.swift */; };
		MIC01BF0000000000000001 /* MissingItemCardView.swift in Sources */ = {isa = PBXBuildFile; fileRef = MIC01FR0000000000000001 /* MissingItemCardView.swift */; };
		WCG01BF0000000000000001 /* WardrobeCoverageGridView.swift in Sources */ = {isa = PBXBuildFile; fileRef = WCG01FR0000000000000001 /* WardrobeCoverageGridView.swift */; };
		CSC01BF0000000000000001 /* CoverageStatusCardView.swift in Sources */ = {isa = PBXBuildFile; fileRef = CSC01FR0000000000000001 /* CoverageStatusCardView.swift */; };
		CDA01BF0000000000000001 /* CategoryDetailAccordionView.swift in Sources */ = {isa = PBXBuildFile; fileRef = CDA01FR0000000000000001 /* CategoryDetailAccordionView.swift */; };
		QTC01BF0000000000000001 /* QuickTipCardView.swift in Sources */ = {isa = PBXBuildFile; fileRef = QTC01FR0000000000000001 /* QuickTipCardView.swift */; };
		ADV01BF0000000000000001 /* AdminDebugView.swift in Sources */ = {isa = PBXBuildFile; fileRef = ADV01FR0000000000000001 /* AdminDebugView.swift */; };
		WIV01BF0000000000000001 /* WardrobeInsightsView.swift in Sources */ = {isa = PBXBuildFile; fileRef = WIV01FR0000000000000001 /* WardrobeInsightsView.swift */; };
		NWIT01BF000000000000001 /* NormalizeWardrobeInsightTests.swift in Sources */ = {isa = PBXBuildFile; fileRef = NWIT01FR000000000000001 /* NormalizeWardrobeInsightTests.swift */; };
		WIVT01BF000000000000001 /* WardrobeInsightsViewTests.swift in Sources */ = {isa = PBXBuildFile; fileRef = WIVT01FR000000000000001 /* WardrobeInsightsViewTests.swift */; };
		WSLT01BF000000000000001 /* WardrobeInsightShoppingListTests.swift in Sources */ = {isa = PBXBuildFile; fileRef = WSLT01FR000000000000001 /* WardrobeInsightShoppingListTests.swift */; };
/* End PBXBuildFile section */
		C4AA4111F038841A8E622B9A /* PBXContainerItemProxy */ = {
			isa = PBXContainerItemProxy;
			containerPortal = 09B3882A3A47F24FA108F183 /* Project object */;
			proxyType = 1;
			remoteGlobalIDString = 73E8DE2A1D94825B55F8B785;
			remoteInfo = OutfitSuggestor;
		};
		D3BA48238B1C4EF59A96C451 /* PBXContainerItemProxy */ = {
			isa = PBXContainerItemProxy;
			containerPortal = 09B3882A3A47F24FA108F183 /* Project object */;
			proxyType = 1;
			remoteGlobalIDString = 73E8DE2A1D94825B55F8B785;
			remoteInfo = OutfitSuggestor;
		};
/* End PBXContainerItemProxy section */

/* Begin PBXFileReference section */
		09D6378272AE2D99A215788C /* MainTabView.swift */ = {isa = PBXFileReference; lastKnownFileType = sourcecode.swift; path = MainTabView.swift; sourceTree = "<group>"; };
		106F6C638D7D7BC45FC53DE7 /* MainFlowView.swift */ = {isa = PBXFileReference; lastKnownFileType = sourcecode.swift; path = MainFlowView.swift; sourceTree = "<group>"; };
		14E774459799783475D23A6C /* OutfitViewModel.swift */ = {isa = PBXFileReference; lastKnownFileType = sourcecode.swift; path = OutfitViewModel.swift; sourceTree = "<group>"; };
		18F5CCBC1004CA2D66F07B2E /* OutfitSuggestionView.swift */ = {isa = PBXFileReference; lastKnownFileType = sourcecode.swift; path = OutfitSuggestionView.swift; sourceTree = "<group>"; };
		1BC4B22EF6A4F893952634C9 /* AppTheme.swift */ = {isa = PBXFileReference; lastKnownFileType = sourcecode.swift; path = AppTheme.swift; sourceTree = "<group>"; };
		1E0DF875D431141A2F841D3F /* LoginView.swift */ = {isa = PBXFileReference; lastKnownFileType = sourcecode.swift; path = LoginView.swift; sourceTree = "<group>"; };
		2602BE97B13F02079895BAEB /* FiltersView.swift */ = {isa = PBXFileReference; lastKnownFileType = sourcecode.swift; path = FiltersView.swift; sourceTree = "<group>"; };
		07A2F4C13B6A4D91A32E7800 /* Assets.xcassets */ = {isa = PBXFileReference; lastKnownFileType = folder.assetcatalog; path = Assets.xcassets; sourceTree = "<group>"; };
		320B1BD2DA38C4879F46C68C /* Info.plist */ = {isa = PBXFileReference; lastKnownFileType = text.plist; path = Info.plist; sourceTree = "<group>"; };
		45B16CF6F3594C0FA64DDF44 /* OutfitAppE2ETests.swift */ = {isa = PBXFileReference; lastKnownFileType = sourcecode.swift; path = OutfitAppE2ETests.swift; sourceTree = "<group>"; };
		3C4C31A8216581E9E830B306 /* UserGuideView.swift */ = {isa = PBXFileReference; lastKnownFileType = sourcecode.swift; path = UserGuideView.swift; sourceTree = "<group>"; };
		4BC8F20C54523955442C7FFF /* OutfitModels.swift */ = {isa = PBXFileReference; lastKnownFileType = sourcecode.swift; path = OutfitModels.swift; sourceTree = "<group>"; };
		4CBF29F94D7782AC11CB81D9 /* HistoryListView.swift */ = {isa = PBXFileReference; lastKnownFileType = sourcecode.swift; path = HistoryListView.swift; sourceTree = "<group>"; };
		4FDE60751389D95FDB822F3E /* OutfitSuggestor.app */ = {isa = PBXFileReference; explicitFileType = wrapper.application; includeInIndex = 0; path = OutfitSuggestor.app; sourceTree = BUILT_PRODUCTS_DIR; };
		54E8D18B61E9EF222656069F /* TokenStorage.swift */ = {isa = PBXFileReference; lastKnownFileType = sourcecode.swift; path = TokenStorage.swift; sourceTree = "<group>"; };
		A4B5C6D7E8F9012345678A01 /* GuestSession.swift */ = {isa = PBXFileReference; lastKnownFileType = sourcecode.swift; path = GuestSession.swift; sourceTree = "<group>"; };
		585D224C3BAB35D9CD03EA3B /* AppConfig.swift */ = {isa = PBXFileReference; lastKnownFileType = sourcecode.swift; path = AppConfig.swift; sourceTree = "<group>"; };
		A1B2C3D4E5F60718293A4B5C /* AiProgressSteps.swift */ = {isa = PBXFileReference; lastKnownFileType = sourcecode.swift; path = AiProgressSteps.swift; sourceTree = "<group>"; };
		D4E5F60718293A4B5C6D8E1 /* AuthPromptCopy.swift */ = {isa = PBXFileReference; lastKnownFileType = sourcecode.swift; path = AuthPromptCopy.swift; sourceTree = "<group>"; };
		AFM01FR0000000000000001 /* AuthFormMessages.swift */ = {isa = PBXFileReference; lastKnownFileType = sourcecode.swift; path = AuthFormMessages.swift; sourceTree = "<group>"; };
		E5F60718293A4B5C6D7E8F2 /* GuestAuthSheetView.swift */ = {isa = PBXFileReference; lastKnownFileType = sourcecode.swift; path = GuestAuthSheetView.swift; sourceTree = "<group>"; };
		B2C3D4E5F60718293A4B5C6D /* AiProgressPanelView.swift */ = {isa = PBXFileReference; lastKnownFileType = sourcecode.swift; path = AiProgressPanelView.swift; sourceTree = "<group>"; };
		C3D4E5F60718293A4B5C6D7D /* AiProgressStepsTests.swift */ = {isa = PBXFileReference; lastKnownFileType = sourcecode.swift; path = AiProgressStepsTests.swift; sourceTree = "<group>"; };
		60FB09DAD00AB05C5F220D23 /* AboutView.swift */ = {isa = PBXFileReference; lastKnownFileType = sourcecode.swift; path = AboutView.swift; sourceTree = "<group>"; };
		62893A1B15D2311F3AEBA721 /* AuthService.swift */ = {isa = PBXFileReference; lastKnownFileType = sourcecode.swift; path = AuthService.swift; sourceTree = "<group>"; };
		65F83DC80A17A5A7B6CC15D0 /* RootView.swift */ = {isa = PBXFileReference; lastKnownFileType = sourcecode.swift; path = RootView.swift; sourceTree = "<group>"; };
		66828E50349EE49EE62FFFFD /* WardrobeListView.swift */ = {isa = PBXFileReference; lastKnownFileType = sourcecode.swift; path = WardrobeListView.swift; sourceTree = "<group>"; };
		777166D6A9515B3BA3538439 /* InsightsView.swift */ = {isa = PBXFileReference; lastKnownFileType = sourcecode.swift; path = InsightsView.swift; sourceTree = "<group>"; };
		79B25D4D09B5BB781246B0DF /* LocationService.swift */ = {isa = PBXFileReference; lastKnownFileType = sourcecode.swift; path = LocationService.swift; sourceTree = "<group>"; };
		7D48E9D66A6647B473956314 /* HeroView.swift */ = {isa = PBXFileReference; lastKnownFileType = sourcecode.swift; path = HeroView.swift; sourceTree = "<group>"; };
		1A2B3C4D5E6F708192A3B4C5 /* HomeHeaderView.swift */ = {isa = PBXFileReference; lastKnownFileType = sourcecode.swift; path = HomeHeaderView.swift; sourceTree = "<group>"; };
		5E6F708192A3B4C5D6E7F809 /* RecentLooksSection.swift */ = {isa = PBXFileReference; lastKnownFileType = sourcecode.swift; path = RecentLooksSection.swift; sourceTree = "<group>"; };
		7E8840F40CF3A5119424E263 /* ContentView.swift */ = {isa = PBXFileReference; lastKnownFileType = sourcecode.swift; path = ContentView.swift; sourceTree = "<group>"; };
		8E0406F4D345CC73138185B9 /* SettingsView.swift */ = {isa = PBXFileReference; lastKnownFileType = sourcecode.swift; path = SettingsView.swift; sourceTree = "<group>"; };
		969C61A8446536869AAFE1CD /* AppConfigTests.swift */ = {isa = PBXFileReference; lastKnownFileType = sourcecode.swift; path = AppConfigTests.swift; sourceTree = "<group>"; };
		AFM01TR0000000000000001 /* AuthFormMessagesTests.swift */ = {isa = PBXFileReference; lastKnownFileType = sourcecode.swift; path = AuthFormMessagesTests.swift; sourceTree = "<group>"; };
		977BD13092DD8A2D98C4471D /* ImageUploadView.swift */ = {isa = PBXFileReference; lastKnownFileType = sourcecode.swift; path = ImageUploadView.swift; sourceTree = "<group>"; };
		9AF4C72CE761E107EEAD6ED6 /* ReportsView.swift */ = {isa = PBXFileReference; lastKnownFileType = sourcecode.swift; path = ReportsView.swift; sourceTree = "<group>"; };
		A4ED51E6300690222125BE0F /* APIServiceIntegrationTests.swift */ = {isa = PBXFileReference; lastKnownFileType = sourcecode.swift; path = APIServiceIntegrationTests.swift; sourceTree = "<group>"; };
		B35421E2E5C40F12D828A0A4 /* WardrobeFormView.swift */ = {isa = PBXFileReference; lastKnownFileType = sourcecode.swift; path = WardrobeFormView.swift; sourceTree = "<group>"; };
		CAD5EBF0712C9529021C41B8 /* WardrobeModels.swift */ = {isa = PBXFileReference; lastKnownFileType = sourcecode.swift; path = WardrobeModels.swift; sourceTree = "<group>"; };
		D04F26D19AAD67E14DA721C1 /* OutfitSuggestorTests.xctest */ = {isa = PBXFileReference; includeInIndex = 0; lastKnownFileType = wrapper.cfbundle; path = OutfitSuggestorTests.xctest; sourceTree = BUILT_PRODUCTS_DIR; };
		D8EB4D42770648E8A1771D11 /* OutfitSuggestorUITests.xctest */ = {isa = PBXFileReference; includeInIndex = 0; lastKnownFileType = wrapper.cfbundle; path = OutfitSuggestorUITests.xctest; sourceTree = BUILT_PRODUCTS_DIR; };
		D805DBEB8393D1EF9B9EAD33 /* APIService.swift */ = {isa = PBXFileReference; lastKnownFileType = sourcecode.swift; path = APIService.swift; sourceTree = "<group>"; };
		D86343F4A060EB70A1831EAA /* OutfitViewModelIntegrationTests.swift */ = {isa = PBXFileReference; lastKnownFileType = sourcecode.swift; path = OutfitViewModelIntegrationTests.swift; sourceTree = "<group>"; };
		DE08B45FCDDE652CA1907D91 /* OutfitSuggestorApp.swift */ = {isa = PBXFileReference; lastKnownFileType = sourcecode.swift; path = OutfitSuggestorApp.swift; sourceTree = "<group>"; };
		E3016CC9235E918186E85387 /* ImagePicker.swift */ = {isa = PBXFileReference; lastKnownFileType = sourcecode.swift; path = ImagePicker.swift; sourceTree = "<group>"; };
		E7F8B084F37279B1A44C15F4 /* AuthModels.swift */ = {isa = PBXFileReference; lastKnownFileType = sourcecode.swift; path = AuthModels.swift; sourceTree = "<group>"; };
		EF7CFFE9C12AF6FE014BD2FD /* HistoryModels.swift */ = {isa = PBXFileReference; lastKnownFileType = sourcecode.swift; path = HistoryModels.swift; sourceTree = "<group>"; };
		FE5F606B5AC2399FF91EAC92 /* RegisterView.swift */ = {isa = PBXFileReference; lastKnownFileType = sourcecode.swift; path = RegisterView.swift; sourceTree = "<group>"; };
		E1A2B3C4D5E6F708192A3B4C /* AppRoute.swift */ = {isa = PBXFileReference; lastKnownFileType = sourcecode.swift; path = AppRoute.swift; sourceTree = "<group>"; };
		E2A3B4C5D6E7F809293A4B5D /* RouteCoordinator.swift */ = {isa = PBXFileReference; lastKnownFileType = sourcecode.swift; path = RouteCoordinator.swift; sourceTree = "<group>"; };
		E3A4B5C6D7E8F90A394A5B6E /* AdminIntegrationTestRunnerView.swift */ = {isa = PBXFileReference; lastKnownFileType = sourcecode.swift; path = AdminIntegrationTestRunnerView.swift; sourceTree = "<group>"; };
		W1A2B3C4D5E6F708192A3B50 /* WardrobeCardUx.swift */ = {isa = PBXFileReference; lastKnownFileType = sourcecode.swift; path = WardrobeCardUx.swift; sourceTree = "<group>"; };
		I1A2B3C4D5E6F708192A3B52 /* InsightsCopy.swift */ = {isa = PBXFileReference; lastKnownFileType = sourcecode.swift; path = InsightsCopy.swift; sourceTree = "<group>"; };
		I3A4B5C6D7E8F90A394A5B70 /* InsightsCopyTests.swift */ = {isa = PBXFileReference; lastKnownFileType = sourcecode.swift; path = InsightsCopyTests.swift; sourceTree = "<group>"; };
		M1A2B3C4D5E6F708192A3B53 /* MicroHelpCopy.swift */ = {isa = PBXFileReference; lastKnownFileType = sourcecode.swift; path = MicroHelpCopy.swift; sourceTree = "<group>"; };
		A1V2I3S4B5I6L7I8T9Y0A02 /* AdminVisibility.swift */ = {isa = PBXFileReference; lastKnownFileType = sourcecode.swift; path = AdminVisibility.swift; sourceTree = "<group>"; };
		A1V2I3S4B5I6L7I8T9Y0A04 /* AdminVisibilityTests.swift */ = {isa = PBXFileReference; lastKnownFileType = sourcecode.swift; path = AdminVisibilityTests.swift; sourceTree = "<group>"; };
		M3A4B5C6D7E8F90A394A5B71 /* MicroHelpCopyTests.swift */ = {isa = PBXFileReference; lastKnownFileType = sourcecode.swift; path = MicroHelpCopyTests.swift; sourceTree = "<group>"; };
		W2A3B4C5D6E7F809293A4B60 /* WardrobeCardUxTests.swift */ = {isa = PBXFileReference; lastKnownFileType = sourcecode.swift; path = WardrobeCardUxTests.swift; sourceTree = "<group>"; };
		WCF01FR0000000000000001 /* WardrobeCategoryDisplay.swift */ = {isa = PBXFileReference; lastKnownFileType = sourcecode.swift; path = WardrobeCategoryDisplay.swift; sourceTree = "<group>"; };
		WCF01FR0000000000000002 /* WardrobeCategoryFilterTests.swift */ = {isa = PBXFileReference; lastKnownFileType = sourcecode.swift; path = WardrobeCategoryFilterTests.swift; sourceTree = "<group>"; };
		F1R2U3N4C5O6A7C8H900002 /* FirstRunCoachLogic.swift */ = {isa = PBXFileReference; lastKnownFileType = sourcecode.swift; path = FirstRunCoachLogic.swift; sourceTree = "<group>"; };
		F1R2U3N4C5O6A7C8H900004 /* FirstRunCoachView.swift */ = {isa = PBXFileReference; lastKnownFileType = sourcecode.swift; path = FirstRunCoachView.swift; sourceTree = "<group>"; };
		F1R2U3N4C5O6A7C8H900006 /* EmptyOutfitPreviewView.swift */ = {isa = PBXFileReference; lastKnownFileType = sourcecode.swift; path = EmptyOutfitPreviewView.swift; sourceTree = "<group>"; };
		F1R2U3N4C5O6A7C8H900008 /* CollapsedPreferencesRow.swift */ = {isa = PBXFileReference; lastKnownFileType = sourcecode.swift; path = CollapsedPreferencesRow.swift; sourceTree = "<group>"; };
		F1R2U3N4C5O6A7C8H90000A /* FirstRunCoachTests.swift */ = {isa = PBXFileReference; lastKnownFileType = sourcecode.swift; path = FirstRunCoachTests.swift; sourceTree = "<group>"; };
		G1U2E3S4T5L6I7M8I900002 /* MainFlowGuestLimitLogic.swift */ = {isa = PBXFileReference; lastKnownFileType = sourcecode.swift; path = MainFlowGuestLimitLogic.swift; sourceTree = "<group>"; };
		M1F2L3A4Y5O6U7T8L9O0G02 /* MainFlowLayoutLogic.swift */ = {isa = PBXFileReference; lastKnownFileType = sourcecode.swift; path = MainFlowLayoutLogic.swift; sourceTree = "<group>"; };
		G1U2E3S4T5L6I7M8I900004 /* GuestLimitAuthUxTests.swift */ = {isa = PBXFileReference; lastKnownFileType = sourcecode.swift; path = GuestLimitAuthUxTests.swift; sourceTree = "<group>"; };
		A1R2E3P4O5R6T7M8O9D0E01 /* ReportsModels.swift */ = {isa = PBXFileReference; lastKnownFileType = sourcecode.swift; path = ReportsModels.swift; sourceTree = "<group>"; };
		A1R2E3P4O5R6T7M8O9D0E03 /* ReportsViewModel.swift */ = {isa = PBXFileReference; lastKnownFileType = sourcecode.swift; path = ReportsViewModel.swift; sourceTree = "<group>"; };
		A1R2E3P4O5R6T7M8O9D0E05 /* ReportsViewModelTests.swift */ = {isa = PBXFileReference; lastKnownFileType = sourcecode.swift; path = ReportsViewModelTests.swift; sourceTree = "<group>"; };
		M1F2L3O4W5U6X7C8O9P0Y02 /* MainFlowUxCopy.swift */ = {isa = PBXFileReference; lastKnownFileType = sourcecode.swift; path = MainFlowUxCopy.swift; sourceTree = "<group>"; };
		M1F2L3O4W5U6X7C8O9P0Y04 /* ReasoningBullets.swift */ = {isa = PBXFileReference; lastKnownFileType = sourcecode.swift; path = ReasoningBullets.swift; sourceTree = "<group>"; };
		M1F2L3O4W5U6X7C8O9P0Y06 /* OutfitContextLine.swift */ = {isa = PBXFileReference; lastKnownFileType = sourcecode.swift; path = OutfitContextLine.swift; sourceTree = "<group>"; };
		M1F2L3O4W5U6X7C8O9P0Y08 /* OutfitItemCardText.swift */ = {isa = PBXFileReference; lastKnownFileType = sourcecode.swift; path = OutfitItemCardText.swift; sourceTree = "<group>"; };
		M1F2L3O4W5U6X7C8O9P0Y0A /* OutfitItemCardView.swift */ = {isa = PBXFileReference; lastKnownFileType = sourcecode.swift; path = OutfitItemCardView.swift; sourceTree = "<group>"; };
		M1F2L3O4W5U6X7C8O9P0Y0C /* RefineMenuView.swift */ = {isa = PBXFileReference; lastKnownFileType = sourcecode.swift; path = RefineMenuView.swift; sourceTree = "<group>"; };
		M1F2L3O4W5U6X7C8O9P0Y0E /* MainFlowCompactSummaryView.swift */ = {isa = PBXFileReference; lastKnownFileType = sourcecode.swift; path = MainFlowCompactSummaryView.swift; sourceTree = "<group>"; };
		M1F2L3O4W5U6X7C8O9P0Y10 /* MainFlowUxContractTests.swift */ = {isa = PBXFileReference; lastKnownFileType = sourcecode.swift; path = MainFlowUxContractTests.swift; sourceTree = "<group>"; };
		R1E2G3E4N5L6O7G8I9C002 /* MainFlowResultRegenerateLogic.swift */ = {isa = PBXFileReference; lastKnownFileType = sourcecode.swift; path = MainFlowResultRegenerateLogic.swift; sourceTree = "<group>"; };
		R1E2G3E4N5L6O7G8I9C004 /* MainFlowResultRegenerateLogicTests.swift */ = {isa = PBXFileReference; lastKnownFileType = sourcecode.swift; path = MainFlowResultRegenerateLogicTests.swift; sourceTree = "<group>"; };
		R1H2I3S4T5O6R7Y8S9E0L02 /* RandomHistorySelection.swift */ = {isa = PBXFileReference; lastKnownFileType = sourcecode.swift; path = RandomHistorySelection.swift; sourceTree = "<group>"; };
		R1H2I3S4T5O6R7Y8S9E0L04 /* RandomHistorySelectionTests.swift */ = {isa = PBXFileReference; lastKnownFileType = sourcecode.swift; path = RandomHistorySelectionTests.swift; sourceTree = "<group>"; };
		WRS01FR0000000000000001 /* WardrobeRandomSession.swift */ = {isa = PBXFileReference; lastKnownFileType = sourcecode.swift; path = WardrobeRandomSession.swift; sourceTree = "<group>"; };
		OPU01FR0000000000000001 /* OutfitPromptUtils.swift */ = {isa = PBXFileReference; lastKnownFileType = sourcecode.swift; path = OutfitPromptUtils.swift; sourceTree = "<group>"; };
		WRS01FR0000000000000002 /* WardrobeRandomSessionTests.swift */ = {isa = PBXFileReference; lastKnownFileType = sourcecode.swift; path = WardrobeRandomSessionTests.swift; sourceTree = "<group>"; };
		M1F2L3A4Y5O6U7T8L9O0G04 /* MainFlowLayoutLogicTests.swift */ = {isa = PBXFileReference; lastKnownFileType = sourcecode.swift; path = MainFlowLayoutLogicTests.swift; sourceTree = "<group>"; };
		F1L2T3E4R5V6I7E8W900002 /* FiltersViewTests.swift */ = {isa = PBXFileReference; lastKnownFileType = sourcecode.swift; path = FiltersViewTests.swift; sourceTree = "<group>"; };
		O1I2T3H4U5M6B7N8A9I0L01 /* OutfitItemThumbnail.swift */ = {isa = PBXFileReference; lastKnownFileType = sourcecode.swift; path = OutfitItemThumbnail.swift; sourceTree = "<group>"; };
		O1U2P3L4O5A6D7C8A9T0G01 /* OutfitUploadCategory.swift */ = {isa = PBXFileReference; lastKnownFileType = sourcecode.swift; path = OutfitUploadCategory.swift; sourceTree = "<group>"; };
		O1I2T3H4U5M6B7N8A9I0L03 /* OutfitItemThumbnailTests.swift */ = {isa = PBXFileReference; lastKnownFileType = sourcecode.swift; path = OutfitItemThumbnailTests.swift; sourceTree = "<group>"; };
		O1O2L3A4Y5E6R7S8V9T01 /* OutfitOptionalLayers.swift */ = {isa = PBXFileReference; lastKnownFileType = sourcecode.swift; path = OutfitOptionalLayers.swift; sourceTree = "<group>"; };
		O1L2A3Y4E5R6E7X8C9L0U01 /* OutfitLayerExclusivity.swift */ = {isa = PBXFileReference; lastKnownFileType = sourcecode.swift; path = OutfitLayerExclusivity.swift; sourceTree = "<group>"; };
		O1S2V3T4E5S6T7V8I9E0W01 /* OutfitSuggestionViewTests.swift */ = {isa = PBXFileReference; lastKnownFileType = sourcecode.swift; path = OutfitSuggestionViewTests.swift; sourceTree = "<group>"; };
		WIR01FR0000000000000001 /* WardrobeInsightResult.swift */ = {isa = PBXFileReference; lastKnownFileType = sourcecode.swift; path = WardrobeInsightResult.swift; sourceTree = "<group>"; };
		NWI01FR0000000000000001 /* NormalizeWardrobeInsight.swift */ = {isa = PBXFileReference; lastKnownFileType = sourcecode.swift; path = NormalizeWardrobeInsight.swift; sourceTree = "<group>"; };
		WIP01FR0000000000000001 /* WardrobeInsightsPresentation.swift */ = {isa = PBXFileReference; lastKnownFileType = sourcecode.swift; path = WardrobeInsightsPresentation.swift; sourceTree = "<group>"; };
		WSL01FR0000000000000001 /* WardrobeInsightShoppingList.swift */ = {isa = PBXFileReference; lastKnownFileType = sourcecode.swift; path = WardrobeInsightShoppingList.swift; sourceTree = "<group>"; };
		ISV01FR0000000000000001 /* InsightsSharedViews.swift */ = {isa = PBXFileReference; lastKnownFileType = sourcecode.swift; path = InsightsSharedViews.swift; sourceTree = "<group>"; };
		SLV01FR0000000000000001 /* ShoppingListView.swift */ = {isa = PBXFileReference; lastKnownFileType = sourcecode.swift; path = ShoppingListView.swift; sourceTree = "<group>"; };
		IHV01FR0000000000000001 /* InsightsHeaderView.swift */ = {isa = PBXFileReference; lastKnownFileType = sourcecode.swift; path = InsightsHeaderView.swift; sourceTree = "<group>"; };
		ACB01FR0000000000000001 /* AnalysisContextBarView.swift */ = {isa = PBXFileReference; lastKnownFileType = sourcecode.swift; path = AnalysisContextBarView.swift; sourceTree = "<group>"; };
		APV01FR0000000000000001 /* AnalysisPreferencesView.swift */ = {isa = PBXFileReference; lastKnownFileType = sourcecode.swift; path = AnalysisPreferencesView.swift; sourceTree = "<group>"; };
		ISC01FR0000000000000001 /* InsightSummaryCardView.swift */ = {isa = PBXFileReference; lastKnownFileType = sourcecode.swift; path = InsightSummaryCardView.swift; sourceTree = "<group>"; };
		TMI01FR0000000000000001 /* TopMissingItemsView.swift */ = {isa = PBXFileReference; lastKnownFileType = sourcecode.swift; path = TopMissingItemsView.swift; sourceTree = "<group>"; };
		MIC01FR0000000000000001 /* MissingItemCardView.swift */ = {isa = PBXFileReference; lastKnownFileType = sourcecode.swift; path = MissingItemCardView.swift; sourceTree = "<group>"; };
		WCG01FR0000000000000001 /* WardrobeCoverageGridView.swift */ = {isa = PBXFileReference; lastKnownFileType = sourcecode.swift; path = WardrobeCoverageGridView.swift; sourceTree = "<group>"; };
		CSC01FR0000000000000001 /* CoverageStatusCardView.swift */ = {isa = PBXFileReference; lastKnownFileType = sourcecode.swift; path = CoverageStatusCardView.swift; sourceTree = "<group>"; };
		CDA01FR0000000000000001 /* CategoryDetailAccordionView.swift */ = {isa = PBXFileReference; lastKnownFileType = sourcecode.swift; path = CategoryDetailAccordionView.swift; sourceTree = "<group>"; };
		QTC01FR0000000000000001 /* QuickTipCardView.swift */ = {isa = PBXFileReference; lastKnownFileType = sourcecode.swift; path = QuickTipCardView.swift; sourceTree = "<group>"; };
		ADV01FR0000000000000001 /* AdminDebugView.swift */ = {isa = PBXFileReference; lastKnownFileType = sourcecode.swift; path = AdminDebugView.swift; sourceTree = "<group>"; };
		WIV01FR0000000000000001 /* WardrobeInsightsView.swift */ = {isa = PBXFileReference; lastKnownFileType = sourcecode.swift; path = WardrobeInsightsView.swift; sourceTree = "<group>"; };
		NWIT01FR000000000000001 /* NormalizeWardrobeInsightTests.swift */ = {isa = PBXFileReference; lastKnownFileType = sourcecode.swift; path = NormalizeWardrobeInsightTests.swift; sourceTree = "<group>"; };
		WIVT01FR000000000000001 /* WardrobeInsightsViewTests.swift */ = {isa = PBXFileReference; lastKnownFileType = sourcecode.swift; path = WardrobeInsightsViewTests.swift; sourceTree = "<group>"; };
		WSLT01FR000000000000001 /* WardrobeInsightShoppingListTests.swift */ = {isa = PBXFileReference; lastKnownFileType = sourcecode.swift; path = WardrobeInsightShoppingListTests.swift; sourceTree = "<group>"; };
/* End PBXFileReference section */
		384222D780F1291F491220F0 /* OutfitSuggestorTests */ = {
			isa = PBXGroup;
			children = (
				A4ED51E6300690222125BE0F /* APIServiceIntegrationTests.swift */,
				A1V2I3S4B5I6L7I8T9Y0A04 /* AdminVisibilityTests.swift */,
				969C61A8446536869AAFE1CD /* AppConfigTests.swift */,
				AFM01TR0000000000000001 /* AuthFormMessagesTests.swift */,
				I3A4B5C6D7E8F90A394A5B70 /* InsightsCopyTests.swift */,
				M3A4B5C6D7E8F90A394A5B71 /* MicroHelpCopyTests.swift */,
				C3D4E5F60718293A4B5C6D7D /* AiProgressStepsTests.swift */,
				D86343F4A060EB70A1831EAA /* OutfitViewModelIntegrationTests.swift */,
				W2A3B4C5D6E7F809293A4B60 /* WardrobeCardUxTests.swift */,
				WCF01FR0000000000000002 /* WardrobeCategoryFilterTests.swift */,
				F1R2U3N4C5O6A7C8H90000A /* FirstRunCoachTests.swift */,
				G1U2E3S4T5L6I7M8I900004 /* GuestLimitAuthUxTests.swift */,
				A1R2E3P4O5R6T7M8O9D0E05 /* ReportsViewModelTests.swift */,
				M1F2L3O4W5U6X7C8O9P0Y10 /* MainFlowUxContractTests.swift */,
				R1E2G3E4N5L6O7G8I9C004 /* MainFlowResultRegenerateLogicTests.swift */,
				R1H2I3S4T5O6R7Y8S9E0L04 /* RandomHistorySelectionTests.swift */,
				WRS01FR0000000000000002 /* WardrobeRandomSessionTests.swift */,
				M1F2L3A4Y5O6U7T8L9O0G04 /* MainFlowLayoutLogicTests.swift */,
				F1L2T3E4R5V6I7E8W900002 /* FiltersViewTests.swift */,
				O1I2T3H4U5M6B7N8A9I0L03 /* OutfitItemThumbnailTests.swift */,
				O1S2V3T4E5S6T7V8I9E0W01 /* OutfitSuggestionViewTests.swift */,
				NWIT01FR000000000000001 /* NormalizeWardrobeInsightTests.swift */,
				WIVT01FR000000000000001 /* WardrobeInsightsViewTests.swift */,
				WSLT01FR000000000000001 /* WardrobeInsightShoppingListTests.swift */,
			);
			path = OutfitSuggestorTests;
			sourceTree = "<group>";
		};
		4A67152A50B74995A4B4E58F /* OutfitSuggestorUITests */ = {
			isa = PBXGroup;
			children = (
				45B16CF6F3594C0FA64DDF44 /* OutfitAppE2ETests.swift */,
			);
			path = OutfitSuggestorUITests;
			sourceTree = "<group>";
		};
		N1A2B3C4D5E6F708192A3B4C7 /* Navigation */ = {
			isa = PBXGroup;
			children = (
				E1A2B3C4D5E6F708192A3B4C /* AppRoute.swift */,
				E2A3B4C5D6E7F809293A4B5D /* RouteCoordinator.swift */,
			);
			path = Navigation;
			sourceTree = "<group>";
		};
		INS01GRP0000000000000001 /* Insights */ = {
			isa = PBXGroup;
			children = (
				ISV01FR0000000000000001 /* InsightsSharedViews.swift */,
				SLV01FR0000000000000001 /* ShoppingListView.swift */,
				IHV01FR0000000000000001 /* InsightsHeaderView.swift */,
				ACB01FR0000000000000001 /* AnalysisContextBarView.swift */,
				APV01FR0000000000000001 /* AnalysisPreferencesView.swift */,
				ISC01FR0000000000000001 /* InsightSummaryCardView.swift */,
				TMI01FR0000000000000001 /* TopMissingItemsView.swift */,
				MIC01FR0000000000000001 /* MissingItemCardView.swift */,
				WCG01FR0000000000000001 /* WardrobeCoverageGridView.swift */,
				CSC01FR0000000000000001 /* CoverageStatusCardView.swift */,
				CDA01FR0000000000000001 /* CategoryDetailAccordionView.swift */,
				QTC01FR0000000000000001 /* QuickTipCardView.swift */,
				ADV01FR0000000000000001 /* AdminDebugView.swift */,
				WIV01FR0000000000000001 /* WardrobeInsightsView.swift */,
			);
			path = Insights;
			sourceTree = "<group>";
		};
		48DB226138D7502CAC1BBDC4 /* Views */ = {
			isa = PBXGroup;
			children = (
				INS01GRP0000000000000001 /* Insights */,
				E3A4B5C6D7E8F90A394A5B6E /* AdminIntegrationTestRunnerView.swift */,
				60FB09DAD00AB05C5F220D23 /* AboutView.swift */,
				B2C3D4E5F60718293A4B5C6D /* AiProgressPanelView.swift */,
				7E8840F40CF3A5119424E263 /* ContentView.swift */,
				2602BE97B13F02079895BAEB /* FiltersView.swift */,
				E5F60718293A4B5C6D7E8F2 /* GuestAuthSheetView.swift */,
				7D48E9D66A6647B473956314 /* HeroView.swift */,
				1A2B3C4D5E6F708192A3B4C5 /* HomeHeaderView.swift */,
				5E6F708192A3B4C5D6E7F809 /* RecentLooksSection.swift */,
				4CBF29F94D7782AC11CB81D9 /* HistoryListView.swift */,
				977BD13092DD8A2D98C4471D /* ImageUploadView.swift */,
				777166D6A9515B3BA3538439 /* InsightsView.swift */,
				1E0DF875D431141A2F841D3F /* LoginView.swift */,
				106F6C638D7D7BC45FC53DE7 /* MainFlowView.swift */,
				F1R2U3N4C5O6A7C8H900004 /* FirstRunCoachView.swift */,
				F1R2U3N4C5O6A7C8H900006 /* EmptyOutfitPreviewView.swift */,
				F1R2U3N4C5O6A7C8H900008 /* CollapsedPreferencesRow.swift */,
				09D6378272AE2D99A215788C /* MainTabView.swift */,
				18F5CCBC1004CA2D66F07B2E /* OutfitSuggestionView.swift */,
				FE5F606B5AC2399FF91EAC92 /* RegisterView.swift */,
				9AF4C72CE761E107EEAD6ED6 /* ReportsView.swift */,
				65F83DC80A17A5A7B6CC15D0 /* RootView.swift */,
				8E0406F4D345CC73138185B9 /* SettingsView.swift */,
				3C4C31A8216581E9E830B306 /* UserGuideView.swift */,
				B35421E2E5C40F12D828A0A4 /* WardrobeFormView.swift */,
				66828E50349EE49EE62FFFFD /* WardrobeListView.swift */,
				M1F2L3O4W5U6X7C8O9P0Y0A /* OutfitItemCardView.swift */,
				M1F2L3O4W5U6X7C8O9P0Y0C /* RefineMenuView.swift */,
				M1F2L3O4W5U6X7C8O9P0Y0E /* MainFlowCompactSummaryView.swift */,
			);
			path = Views;
			sourceTree = "<group>";
		};
		5F27084579783312106D7E4C /* Theme */ = {
			isa = PBXGroup;
			children = (
				1BC4B22EF6A4F893952634C9 /* AppTheme.swift */,
			);
			path = Theme;
			sourceTree = "<group>";
		};
		66285900FE692F74CCF8A1C2 /* ViewModels */ = {
			isa = PBXGroup;
			children = (
				14E774459799783475D23A6C /* OutfitViewModel.swift */,
				A1R2E3P4O5R6T7M8O9D0E03 /* ReportsViewModel.swift */,
			);
			path = ViewModels;
			sourceTree = "<group>";
		};
		938BA973EF7395BC418FD86B /* Products */ = {
			isa = PBXGroup;
			children = (
				4FDE60751389D95FDB822F3E /* OutfitSuggestor.app */,
				D04F26D19AAD67E14DA721C1 /* OutfitSuggestorTests.xctest */,
				D8EB4D42770648E8A1771D11 /* OutfitSuggestorUITests.xctest */,
			);
			name = Products;
			sourceTree = "<group>";
		};
		B03A5A91EAFDED2AFA475892 /* Utils */ = {
			isa = PBXGroup;
			children = (
				A1B2C3D4E5F60718293A4B5C /* AiProgressSteps.swift */,
				A1V2I3S4B5I6L7I8T9Y0A02 /* AdminVisibility.swift */,
				D4E5F60718293A4B5C6D8E1 /* AuthPromptCopy.swift */,
				AFM01FR0000000000000001 /* AuthFormMessages.swift */,
				I1A2B3C4D5E6F708192A3B52 /* InsightsCopy.swift */,
				NWI01FR0000000000000001 /* NormalizeWardrobeInsight.swift */,
				WIP01FR0000000000000001 /* WardrobeInsightsPresentation.swift */,
				WSL01FR0000000000000001 /* WardrobeInsightShoppingList.swift */,
				M1A2B3C4D5E6F708192A3B53 /* MicroHelpCopy.swift */,
				F1R2U3N4C5O6A7C8H900002 /* FirstRunCoachLogic.swift */,
				G1U2E3S4T5L6I7M8I900002 /* MainFlowGuestLimitLogic.swift */,
				M1F2L3A4Y5O6U7T8L9O0G02 /* MainFlowLayoutLogic.swift */,
				R1E2G3E4N5L6O7G8I9C002 /* MainFlowResultRegenerateLogic.swift */,
				R1H2I3S4T5O6R7Y8S9E0L02 /* RandomHistorySelection.swift */,
				WRS01FR0000000000000001 /* WardrobeRandomSession.swift */,
				OPU01FR0000000000000001 /* OutfitPromptUtils.swift */,
				M1F2L3O4W5U6X7C8O9P0Y02 /* MainFlowUxCopy.swift */,
				M1F2L3O4W5U6X7C8O9P0Y04 /* ReasoningBullets.swift */,
				M1F2L3O4W5U6X7C8O9P0Y06 /* OutfitContextLine.swift */,
				M1F2L3O4W5U6X7C8O9P0Y08 /* OutfitItemCardText.swift */,
				O1I2T3H4U5M6B7N8A9I0L01 /* OutfitItemThumbnail.swift */,
				O1U2P3L4O5A6D7C8A9T0G01 /* OutfitUploadCategory.swift */,
				O1O2L3A4Y5E6R7S8V9T01 /* OutfitOptionalLayers.swift */,
				O1L2A3Y4E5R6E7X8C9L0U01 /* OutfitLayerExclusivity.swift */,
				W1A2B3C4D5E6F708192A3B50 /* WardrobeCardUx.swift */,
				WCF01FR0000000000000001 /* WardrobeCategoryDisplay.swift */,
				585D224C3BAB35D9CD03EA3B /* AppConfig.swift */,
				E3016CC9235E918186E85387 /* ImagePicker.swift */,
				79B25D4D09B5BB781246B0DF /* LocationService.swift */,
				54E8D18B61E9EF222656069F /* TokenStorage.swift */,
				A4B5C6D7E8F9012345678A01 /* GuestSession.swift */,
			);
			path = Utils;
			sourceTree = "<group>";
		};
		B50B50A04089C8C43CD2B925 /* OutfitSuggestor */ = {
			isa = PBXGroup;
			children = (
				DE08B45FCDDE652CA1907D91 /* OutfitSuggestorApp.swift */,
				N1A2B3C4D5E6F708192A3B4C7 /* Navigation */,
				C70E62A8CE7289CD4E56579C /* Models */,
				C6C2893F741D63D483F9F16A /* Resources */,
				C3CF807D3AB3FE74EEAC3E8E /* Services */,
				5F27084579783312106D7E4C /* Theme */,
				B03A5A91EAFDED2AFA475892 /* Utils */,
				66285900FE692F74CCF8A1C2 /* ViewModels */,
				48DB226138D7502CAC1BBDC4 /* Views */,
			);
			path = OutfitSuggestor;
			sourceTree = "<group>";
		};
		C3CF807D3AB3FE74EEAC3E8E /* Services */ = {
			isa = PBXGroup;
			children = (
				D805DBEB8393D1EF9B9EAD33 /* APIService.swift */,
				62893A1B15D2311F3AEBA721 /* AuthService.swift */,
			);
			path = Services;
			sourceTree = "<group>";
		};
		C6C2893F741D63D483F9F16A /* Resources */ = {
			isa = PBXGroup;
			children = (
				07A2F4C13B6A4D91A32E7800 /* Assets.xcassets */,
				320B1BD2DA38C4879F46C68C /* Info.plist */,
			);
			path = Resources;
			sourceTree = "<group>";
		};
		C70E62A8CE7289CD4E56579C /* Models */ = {
			isa = PBXGroup;
			children = (
				E7F8B084F37279B1A44C15F4 /* AuthModels.swift */,
				EF7CFFE9C12AF6FE014BD2FD /* HistoryModels.swift */,
				4BC8F20C54523955442C7FFF /* OutfitModels.swift */,
				A1R2E3P4O5R6T7M8O9D0E01 /* ReportsModels.swift */,
				CAD5EBF0712C9529021C41B8 /* WardrobeModels.swift */,
				WIR01FR0000000000000001 /* WardrobeInsightResult.swift */,
			);
			path = Models;
			sourceTree = "<group>";
		};
		EA6E8BACDE36EF0E96554151 = {
			isa = PBXGroup;
			children = (
				B50B50A04089C8C43CD2B925 /* OutfitSuggestor */,
				384222D780F1291F491220F0 /* OutfitSuggestorTests */,
				4A67152A50B74995A4B4E58F /* OutfitSuggestorUITests */,
				938BA973EF7395BC418FD86B /* Products */,
			);
			sourceTree = "<group>";
		};
/* End PBXGroup section */

/* Begin PBXNativeTarget section */
		34FD16507CAAB378C8FCA24D /* OutfitSuggestorTests */ = {
			isa = PBXNativeTarget;
			buildConfigurationList = EDB099C3F941A7762B1CB3A3 /* Build configuration list for PBXNativeTarget "OutfitSuggestorTests" */;
			buildPhases = (
				AA81AAD301F88A0EBBFAAC89 /* Sources */,
			);
			buildRules = (
			);
			dependencies = (
				B33ADD8663F06CDFB5E79381 /* PBXTargetDependency */,
			);
			name = OutfitSuggestorTests;
			packageProductDependencies = (
			);
			productName = OutfitSuggestorTests;
			productReference = D04F26D19AAD67E14DA721C1 /* OutfitSuggestorTests.xctest */;
			productType = "com.apple.product-type.bundle.unit-test";
		};
		73E8DE2A1D94825B55F8B785 /* OutfitSuggestor */ = {
			isa = PBXNativeTarget;
			buildConfigurationList = DD09C061B54BE082847E5CE1 /* Build configuration list for PBXNativeTarget "OutfitSuggestor" */;
			buildPhases = (
				07A2F4C13B6A4D91A32E7802 /* Resources */,
				87962CA4676270CF174F5C0D /* Sources */,
			);
			buildRules = (
			);
			dependencies = (
			);
			name = OutfitSuggestor;
			packageProductDependencies = (
			);
			productName = OutfitSuggestor;
			productReference = 4FDE60751389D95FDB822F3E /* OutfitSuggestor.app */;
			productType = "com.apple.product-type.application";
		};
		EA3252C02C75444A81E2E791 /* OutfitSuggestorUITests */ = {
			isa = PBXNativeTarget;
			buildConfigurationList = 642F230D82F64AD6A17D0A3A /* Build configuration list for PBXNativeTarget "OutfitSuggestorUITests" */;
			buildPhases = (
				C2984AF5205A42B49B96626A /* Sources */,
			);
			buildRules = (
			);
			dependencies = (
				AB9974476AF24D18A751CD9E /* PBXTargetDependency */,
			);
			name = OutfitSuggestorUITests;
			packageProductDependencies = (
			);
			productName = OutfitSuggestorUITests;
			productReference = D8EB4D42770648E8A1771D11 /* OutfitSuggestorUITests.xctest */;
			productType = "com.apple.product-type.bundle.ui-testing";
		};
/* End PBXNativeTarget section */

/* Begin PBXProject section */
		09B3882A3A47F24FA108F183 /* Project object */ = {
			isa = PBXProject;
			attributes = {
				BuildIndependentTargetsInParallel = YES;
				LastUpgradeCheck = 1430;
				TargetAttributes = {
					34FD16507CAAB378C8FCA24D = {
						ProvisioningStyle = Automatic;
					};
					73E8DE2A1D94825B55F8B785 = {
						ProvisioningStyle = Automatic;
					};
					EA3252C02C75444A81E2E791 = {
						ProvisioningStyle = Automatic;
						TestTargetID = 73E8DE2A1D94825B55F8B785;
					};
				};
			};
			buildConfigurationList = 4D23DA46B5E0DC5000E556AC /* Build configuration list for PBXProject "OutfitSuggestor" */;
			developmentRegion = en;
			hasScannedForEncodings = 0;
			knownRegions = (
				Base,
				en,
			);
			mainGroup = EA6E8BACDE36EF0E96554151;
			minimizedProjectReferenceProxies = 1;
			preferredProjectObjectVersion = 77;
			productRefGroup = 938BA973EF7395BC418FD86B /* Products */;
			projectDirPath = "";
			projectRoot = "";
			targets = (
				73E8DE2A1D94825B55F8B785 /* OutfitSuggestor */,
				34FD16507CAAB378C8FCA24D /* OutfitSuggestorTests */,
				EA3252C02C75444A81E2E791 /* OutfitSuggestorUITests */,
			);
		};
/* End PBXProject section */

/* Begin PBXResourcesBuildPhase section */
		07A2F4C13B6A4D91A32E7802 /* Resources */ = {
			isa = PBXResourcesBuildPhase;
			buildActionMask = 2147483647;
			files = (
				07A2F4C13B6A4D91A32E7801 /* Assets.xcassets in Resources */,
			);
			runOnlyForDeploymentPostprocessing = 0;
		};
/* End PBXResourcesBuildPhase section */

/* Begin PBXSourcesBuildPhase section */
		87962CA4676270CF174F5C0D /* Sources */ = {
			isa = PBXSourcesBuildPhase;
			buildActionMask = 2147483647;
			files = (
				D49CCC05C1C483C20F5B066E /* APIService.swift in Sources */,
				F3A4B5C6D7E8F90A394A5B6F /* AdminIntegrationTestRunnerView.swift in Sources */,
				C7F027A59B48C9E0730C18C5 /* AboutView.swift in Sources */,
				F1A2B3C4D5E6F708192A3B4D /* AppRoute.swift in Sources */,
				23CB85FFAAF34EEC0F240672 /* AppConfig.swift in Sources */,
				A1B2C3D4E5F60718293A4B5D /* AiProgressSteps.swift in Sources */,
				D4E5F60718293A4B5C6D8E2 /* AuthPromptCopy.swift in Sources */,
				AFM01BF0000000000000001 /* AuthFormMessages.swift in Sources */,
				B2C3D4E5F60718293A4B5C6E /* AiProgressPanelView.swift in Sources */,
				C9F8C11DE63D85713E22F929 /* AppTheme.swift in Sources */,
				B030C4AADF57B3488189CD98 /* AuthModels.swift in Sources */,
				96A83F2AAE2ED65AD4E24997 /* AuthService.swift in Sources */,
				219CC1A4A5BDD78FC15E6D32 /* ContentView.swift in Sources */,
				383DA19CACB3651B2D0FC6C9 /* FiltersView.swift in Sources */,
				E5F60718293A4B5C6D7E8F3 /* GuestAuthSheetView.swift in Sources */,
				F88BE9025293974B0251B9F9 /* HeroView.swift in Sources */,
				1A2B3C4D5E6F708192A3B4C6 /* HomeHeaderView.swift in Sources */,
				5E6F708192A3B4C5D6E7F80A /* RecentLooksSection.swift in Sources */,
				F68C6A553BEF575A09AD033F /* HistoryListView.swift in Sources */,
				AA245C6D61B794ED24A4FB23 /* HistoryModels.swift in Sources */,
				A963F0085A29335578FB7847 /* ImagePicker.swift in Sources */,
				4DABFC76E9721EC3C1650A63 /* ImageUploadView.swift in Sources */,
				17F65BD1144F4A9136BB2454 /* InsightsView.swift in Sources */,
				I2A3B4C5D6E7F809293A4B62 /* InsightsCopy.swift in Sources */,
				M2A3B4C5D6E7F809293A4B63 /* MicroHelpCopy.swift in Sources */,
				A1V2I3S4B5I6L7I8T9Y0A01 /* AdminVisibility.swift in Sources */,
				7779D09FCF0EEFFC28A2259E /* LocationService.swift in Sources */,
				9BE1667E64CA0C40EDF6B0C1 /* LoginView.swift in Sources */,
				E4D8F27D9BCD253F45AF2C89 /* MainFlowView.swift in Sources */,
				B8A0449F46DB87CCAFA78217 /* MainTabView.swift in Sources */,
				6A38E281F7B4478F66364468 /* OutfitModels.swift in Sources */,
				17264711E2D62BDF6ED8703C /* OutfitSuggestionView.swift in Sources */,
				7248256EB6986D8D67B77C40 /* OutfitSuggestorApp.swift in Sources */,
				374506E92269BDC77604854D /* OutfitViewModel.swift in Sources */,
				683FED622F1AA3A70F6DF6D8 /* RegisterView.swift in Sources */,
				D4C904B093445C0E14BB2DA5 /* ReportsView.swift in Sources */,
				F2A3B4C5D6E7F809293A4B5E /* RouteCoordinator.swift in Sources */,
				211622AE1065E76C4D82451E /* RootView.swift in Sources */,
				31DDD4470D0C8ECF436D00C0 /* SettingsView.swift in Sources */,
				FA023D9F55B7FB5B4FF54BED /* TokenStorage.swift in Sources */,
				A4B5C6D7E8F9012345678A02 /* GuestSession.swift in Sources */,
				60583B08BD2D4605B3166DE6 /* UserGuideView.swift in Sources */,
				309273348A8D785B69481960 /* WardrobeFormView.swift in Sources */,
				AAE87AAF310E73964C11C7FB /* WardrobeListView.swift in Sources */,
				W1A2B3C4D5E6F708192A3B51 /* WardrobeCardUx.swift in Sources */,
				WCF01BF0000000000000001 /* WardrobeCategoryDisplay.swift in Sources */,
				E4EBFCF3A8E4ECF596229B62 /* WardrobeModels.swift in Sources */,
				F1R2U3N4C5O6A7C8H900001 /* FirstRunCoachLogic.swift in Sources */,
				F1R2U3N4C5O6A7C8H900003 /* FirstRunCoachView.swift in Sources */,
				F1R2U3N4C5O6A7C8H900005 /* EmptyOutfitPreviewView.swift in Sources */,
				F1R2U3N4C5O6A7C8H900007 /* CollapsedPreferencesRow.swift in Sources */,
				G1U2E3S4T5L6I7M8I900001 /* MainFlowGuestLimitLogic.swift in Sources */,
				M1F2L3A4Y5O6U7T8L9O0G01 /* MainFlowLayoutLogic.swift in Sources */,
				R1E2G3E4N5L6O7G8I9C001 /* MainFlowResultRegenerateLogic.swift in Sources */,
				R1H2I3S4T5O6R7Y8S9E0L01 /* RandomHistorySelection.swift in Sources */,
				WRS01BF0000000000000001 /* WardrobeRandomSession.swift in Sources */,
				OPU01BF0000000000000001 /* OutfitPromptUtils.swift in Sources */,
				A1R2E3P4O5R6T7M8O9D0E02 /* ReportsModels.swift in Sources */,
				A1R2E3P4O5R6T7M8O9D0E04 /* ReportsViewModel.swift in Sources */,
				M1F2L3O4W5U6X7C8O9P0Y01 /* MainFlowUxCopy.swift in Sources */,
				M1F2L3O4W5U6X7C8O9P0Y03 /* ReasoningBullets.swift in Sources */,
				M1F2L3O4W5U6X7C8O9P0Y05 /* OutfitContextLine.swift in Sources */,
				M1F2L3O4W5U6X7C8O9P0Y07 /* OutfitItemCardText.swift in Sources */,
				M1F2L3O4W5U6X7C8O9P0Y09 /* OutfitItemCardView.swift in Sources */,
				M1F2L3O4W5U6X7C8O9P0Y0B /* RefineMenuView.swift in Sources */,
				M1F2L3O4W5U6X7C8O9P0Y0D /* MainFlowCompactSummaryView.swift in Sources */,
				O1I2T3H4U5M6B7N8A9I0L02 /* OutfitItemThumbnail.swift in Sources */,
				O1U2P3L4O5A6D7C8A9T0G02 /* OutfitUploadCategory.swift in Sources */,
				O1O2L3A4Y5E6R7S8V9T02 /* OutfitOptionalLayers.swift in Sources */,
				O1L2A3Y4E5R6E7X8C9L0U02 /* OutfitLayerExclusivity.swift in Sources */,
				WIR01BF0000000000000001 /* WardrobeInsightResult.swift in Sources */,
				NWI01BF0000000000000001 /* NormalizeWardrobeInsight.swift in Sources */,
				WIP01BF0000000000000001 /* WardrobeInsightsPresentation.swift in Sources */,
				WSL01BF0000000000000001 /* WardrobeInsightShoppingList.swift in Sources */,
				ISV01BF0000000000000001 /* InsightsSharedViews.swift in Sources */,
				SLV01BF0000000000000001 /* ShoppingListView.swift in Sources */,
				IHV01BF0000000000000001 /* InsightsHeaderView.swift in Sources */,
				ACB01BF0000000000000001 /* AnalysisContextBarView.swift in Sources */,
				APV01BF0000000000000001 /* AnalysisPreferencesView.swift in Sources */,
				ISC01BF0000000000000001 /* InsightSummaryCardView.swift in Sources */,
				TMI01BF0000000000000001 /* TopMissingItemsView.swift in Sources */,
				MIC01BF0000000000000001 /* MissingItemCardView.swift in Sources */,
				WCG01BF0000000000000001 /* WardrobeCoverageGridView.swift in Sources */,
				CSC01BF0000000000000001 /* CoverageStatusCardView.swift in Sources */,
				CDA01BF0000000000000001 /* CategoryDetailAccordionView.swift in Sources */,
				QTC01BF0000000000000001 /* QuickTipCardView.swift in Sources */,
				ADV01BF0000000000000001 /* AdminDebugView.swift in Sources */,
				WIV01BF0000000000000001 /* WardrobeInsightsView.swift in Sources */,
			);
			runOnlyForDeploymentPostprocessing = 0;
		};
		AA81AAD301F88A0EBBFAAC89 /* Sources */ = {
			isa = PBXSourcesBuildPhase;
			buildActionMask = 2147483647;
			files = (
				0D0FFD43456FF9B083A5AE92 /* APIServiceIntegrationTests.swift in Sources */,
				A1V2I3S4B5I6L7I8T9Y0A03 /* AdminVisibilityTests.swift in Sources */,
				C3D4E5F60718293A4B5C6D7E /* AiProgressStepsTests.swift in Sources */,
				FD933F9E2EC6AC064C14756F /* AppConfigTests.swift in Sources */,
				AFM01TF0000000000000001 /* AuthFormMessagesTests.swift in Sources */,
				I4A5B6C7D8E9012345678A03 /* InsightsCopyTests.swift in Sources */,
				M4A5B6C7D8E9012345678A04 /* MicroHelpCopyTests.swift in Sources */,
				BDC51E614A7C765FB3FA7572 /* OutfitViewModelIntegrationTests.swift in Sources */,
				W2A3B4C5D6E7F809293A4B61 /* WardrobeCardUxTests.swift in Sources */,
				WCF01BF0000000000000002 /* WardrobeCategoryFilterTests.swift in Sources */,
				F1R2U3N4C5O6A7C8H900009 /* FirstRunCoachTests.swift in Sources */,
				G1U2E3S4T5L6I7M8I900003 /* GuestLimitAuthUxTests.swift in Sources */,
				A1R2E3P4O5R6T7M8O9D0E06 /* ReportsViewModelTests.swift in Sources */,
				M1F2L3O4W5U6X7C8O9P0Y0F /* MainFlowUxContractTests.swift in Sources */,
				R1E2G3E4N5L6O7G8I9C003 /* MainFlowResultRegenerateLogicTests.swift in Sources */,
				R1H2I3S4T5O6R7Y8S9E0L03 /* RandomHistorySelectionTests.swift in Sources */,
				WRS01BF0000000000000002 /* WardrobeRandomSessionTests.swift in Sources */,
				M1F2L3A4Y5O6U7T8L9O0G03 /* MainFlowLayoutLogicTests.swift in Sources */,
				F1L2T3E4R5V6I7E8W900001 /* FiltersViewTests.swift in Sources */,
				O1I2T3H4U5M6B7N8A9I0L04 /* OutfitItemThumbnailTests.swift in Sources */,
				O1S2V3T4E5S6T7V8I9E0W02 /* OutfitSuggestionViewTests.swift in Sources */,
				NWIT01BF000000000000001 /* NormalizeWardrobeInsightTests.swift in Sources */,
				WIVT01BF000000000000001 /* WardrobeInsightsViewTests.swift in Sources */,
				WSLT01BF000000000000001 /* WardrobeInsightShoppingListTests.swift in Sources */,
			);
			runOnlyForDeploymentPostprocessing = 0;
		};
		C2984AF5205A42B49B96626A /* Sources */ = {
			isa = PBXSourcesBuildPhase;
			buildActionMask = 2147483647;
			files = (
				15AD31D0C4E3492E8A55B102 /* OutfitAppE2ETests.swift in Sources */,
			);
			runOnlyForDeploymentPostprocessing = 0;
		};
/* End PBXSourcesBuildPhase section */

/* Begin PBXTargetDependency section */
		B33ADD8663F06CDFB5E79381 /* PBXTargetDependency */ = {
			isa = PBXTargetDependency;
			target = 73E8DE2A1D94825B55F8B785 /* OutfitSuggestor */;
			targetProxy = C4AA4111F038841A8E622B9A /* PBXContainerItemProxy */;
		};
		AB9974476AF24D18A751CD9E /* PBXTargetDependency */ = {
			isa = PBXTargetDependency;
			target = 73E8DE2A1D94825B55F8B785 /* OutfitSuggestor */;
			targetProxy = D3BA48238B1C4EF59A96C451 /* PBXContainerItemProxy */;
		};
/* End PBXTargetDependency section */

/* Begin XCBuildConfiguration section */
		263E0CF038DA5A3D292998A0 /* Debug */ = {
			isa = XCBuildConfiguration;
			buildSettings = {
				BUNDLE_LOADER = "$(TEST_HOST)";
				CODE_SIGNING_ALLOWED = NO;
				CODE_SIGN_STYLE = Automatic;
				GENERATE_INFOPLIST_FILE = YES;
				IPHONEOS_DEPLOYMENT_TARGET = 16.0;
				LD_RUNPATH_SEARCH_PATHS = (
					"$(inherited)",
					"@executable_path/Frameworks",
					"@loader_path/Frameworks",
				);
				PRODUCT_BUNDLE_IDENTIFIER = com.sajad.outfitsuggestor.tests;
				SDKROOT = iphoneos;
				SWIFT_VERSION = 5.0;
				TARGETED_DEVICE_FAMILY = "1,2";
				TEST_HOST = "$(BUILT_PRODUCTS_DIR)/OutfitSuggestor.app/OutfitSuggestor";
			};
			name = Debug;
		};
		8AF716E39165F803FEA10065 /* Debug */ = {
			isa = XCBuildConfiguration;
			buildSettings = {
				ASSETCATALOG_COMPILER_APPICON_NAME = AppIcon;
				CODE_SIGN_IDENTITY = "iPhone Developer";
				CODE_SIGN_STYLE = Automatic;
				DEVELOPMENT_TEAM = 7UVB6XM3R7;
				INFOPLIST_FILE = OutfitSuggestor/Resources/Info.plist;
				IPHONEOS_DEPLOYMENT_TARGET = 16.0;
				LD_RUNPATH_SEARCH_PATHS = (
					"$(inherited)",
					"@executable_path/Frameworks",
				);
				PRODUCT_BUNDLE_IDENTIFIER = com.sajad.outfitsuggestor;
				SDKROOT = iphoneos;
				SWIFT_VERSION = 5.0;
				TARGETED_DEVICE_FAMILY = "1,2";
			};
			name = Debug;
		};
		AFFFB56827FD86C8DB7251A9 /* Debug */ = {
			isa = XCBuildConfiguration;
			buildSettings = {
				ALWAYS_SEARCH_USER_PATHS = NO;
				CLANG_ANALYZER_NONNULL = YES;
				CLANG_ANALYZER_NUMBER_OBJECT_CONVERSION = YES_AGGRESSIVE;
				CLANG_CXX_LANGUAGE_STANDARD = "gnu++14";
				CLANG_CXX_LIBRARY = "libc++";
				CLANG_ENABLE_MODULES = YES;
				CLANG_ENABLE_OBJC_ARC = YES;
				CLANG_ENABLE_OBJC_WEAK = YES;
				CLANG_WARN_BLOCK_CAPTURE_AUTORELEASING = YES;
				CLANG_WARN_BOOL_CONVERSION = YES;
				CLANG_WARN_COMMA = YES;
				CLANG_WARN_CONSTANT_CONVERSION = YES;
				CLANG_WARN_DEPRECATED_OBJC_IMPLEMENTATIONS = YES;
				CLANG_WARN_DIRECT_OBJC_ISA_USAGE = YES_ERROR;
				CLANG_WARN_DOCUMENTATION_COMMENTS = YES;
				CLANG_WARN_EMPTY_BODY = YES;
				CLANG_WARN_ENUM_CONVERSION = YES;
				CLANG_WARN_INFINITE_RECURSION = YES;
				CLANG_WARN_INT_CONVERSION = YES;
				CLANG_WARN_NON_LITERAL_NULL_CONVERSION = YES;
				CLANG_WARN_OBJC_IMPLICIT_RETAIN_SELF = YES;
				CLANG_WARN_OBJC_LITERAL_CONVERSION = YES;
				CLANG_WARN_OBJC_ROOT_CLASS = YES_ERROR;
				CLANG_WARN_QUOTED_INCLUDE_IN_FRAMEWORK_HEADER = YES;
				CLANG_WARN_RANGE_LOOP_ANALYSIS = YES;
				CLANG_WARN_STRICT_PROTOTYPES = YES;
				CLANG_WARN_SUSPICIOUS_MOVE = YES;
				CLANG_WARN_UNGUARDED_AVAILABILITY = YES_AGGRESSIVE;
				CLANG_WARN_UNREACHABLE_CODE = YES;
				CLANG_WARN__DUPLICATE_METHOD_MATCH = YES;
				COPY_PHASE_STRIP = NO;
				DEBUG_INFORMATION_FORMAT = dwarf;
				ENABLE_STRICT_OBJC_MSGSEND = YES;
				ENABLE_TESTABILITY = YES;
				GCC_C_LANGUAGE_STANDARD = gnu11;
				GCC_DYNAMIC_NO_PIC = NO;
				GCC_NO_COMMON_BLOCKS = YES;
				GCC_OPTIMIZATION_LEVEL = 0;
				GCC_PREPROCESSOR_DEFINITIONS = (
					"$(inherited)",
					"DEBUG=1",
				);
				GCC_WARN_64_TO_32_BIT_CONVERSION = YES;
				GCC_WARN_ABOUT_RETURN_TYPE = YES_ERROR;
				GCC_WARN_UNDECLARED_SELECTOR = YES;
				GCC_WARN_UNINITIALIZED_AUTOS = YES_AGGRESSIVE;
				GCC_WARN_UNUSED_FUNCTION = YES;
				GCC_WARN_UNUSED_VARIABLE = YES;
				IPHONEOS_DEPLOYMENT_TARGET = 16.0;
				MTL_ENABLE_DEBUG_INFO = INCLUDE_SOURCE;
				MTL_FAST_MATH = YES;
				ONLY_ACTIVE_ARCH = YES;
				PRODUCT_NAME = "$(TARGET_NAME)";
				SDKROOT = iphoneos;
				SWIFT_ACTIVE_COMPILATION_CONDITIONS = DEBUG;
				SWIFT_OPTIMIZATION_LEVEL = "-Onone";
				SWIFT_VERSION = 5.0;
			};
			name = Debug;
		};
		BAFA96525811FD47E5613183 /* Release */ = {
			isa = XCBuildConfiguration;
			buildSettings = {
				ASSETCATALOG_COMPILER_APPICON_NAME = AppIcon;
				CODE_SIGN_IDENTITY = "iPhone Developer";
				CODE_SIGN_STYLE = Automatic;
				DEVELOPMENT_TEAM = 7UVB6XM3R7;
				INFOPLIST_FILE = OutfitSuggestor/Resources/Info.plist;
				IPHONEOS_DEPLOYMENT_TARGET = 16.0;
				LD_RUNPATH_SEARCH_PATHS = (
					"$(inherited)",
					"@executable_path/Frameworks",
				);
				PRODUCT_BUNDLE_IDENTIFIER = com.sajad.outfitsuggestor;
				SDKROOT = iphoneos;
				SWIFT_VERSION = 5.0;
				TARGETED_DEVICE_FAMILY = "1,2";
			};
			name = Release;
		};
		C0D2DF47FDBA4E5FA1524B70 /* Debug */ = {
			isa = XCBuildConfiguration;
			buildSettings = {
				CODE_SIGNING_ALLOWED = NO;
				CODE_SIGN_STYLE = Automatic;
				GENERATE_INFOPLIST_FILE = YES;
				IPHONEOS_DEPLOYMENT_TARGET = 16.0;
				PRODUCT_BUNDLE_IDENTIFIER = com.sajad.outfitsuggestor.uitests;
				PRODUCT_NAME = "$(TARGET_NAME)";
				SDKROOT = iphoneos;
				SWIFT_VERSION = 5.0;
				TARGETED_DEVICE_FAMILY = "1,2";
				TEST_TARGET_NAME = OutfitSuggestor;
			};
			name = Debug;
		};
		C73D4E78914FCF8572069D48 /* Release */ = {
			isa = XCBuildConfiguration;
			buildSettings = {
				ALWAYS_SEARCH_USER_PATHS = NO;
				CLANG_ANALYZER_NONNULL = YES;
				CLANG_ANALYZER_NUMBER_OBJECT_CONVERSION = YES_AGGRESSIVE;
				CLANG_CXX_LANGUAGE_STANDARD = "gnu++14";
				CLANG_CXX_LIBRARY = "libc++";
				CLANG_ENABLE_MODULES = YES;
				CLANG_ENABLE_OBJC_ARC = YES;
				CLANG_ENABLE_OBJC_WEAK = YES;
				CLANG_WARN_BLOCK_CAPTURE_AUTORELEASING = YES;
				CLANG_WARN_BOOL_CONVERSION = YES;
				CLANG_WARN_COMMA = YES;
				CLANG_WARN_CONSTANT_CONVERSION = YES;
				CLANG_WARN_DEPRECATED_OBJC_IMPLEMENTATIONS = YES;
				CLANG_WARN_DIRECT_OBJC_ISA_USAGE = YES_ERROR;
				CLANG_WARN_DOCUMENTATION_COMMENTS = YES;
				CLANG_WARN_EMPTY_BODY = YES;
				CLANG_WARN_ENUM_CONVERSION = YES;
				CLANG_WARN_INFINITE_RECURSION = YES;
				CLANG_WARN_INT_CONVERSION = YES;
				CLANG_WARN_NON_LITERAL_NULL_CONVERSION = YES;
				CLANG_WARN_OBJC_IMPLICIT_RETAIN_SELF = YES;
				CLANG_WARN_OBJC_LITERAL_CONVERSION = YES;
				CLANG_WARN_OBJC_ROOT_CLASS = YES_ERROR;
				CLANG_WARN_QUOTED_INCLUDE_IN_FRAMEWORK_HEADER = YES;
				CLANG_WARN_RANGE_LOOP_ANALYSIS = YES;
				CLANG_WARN_STRICT_PROTOTYPES = YES;
				CLANG_WARN_SUSPICIOUS_MOVE = YES;
				CLANG_WARN_UNGUARDED_AVAILABILITY = YES_AGGRESSIVE;
				CLANG_WARN_UNREACHABLE_CODE = YES;
				CLANG_WARN__DUPLICATE_METHOD_MATCH = YES;
				COPY_PHASE_STRIP = NO;
				DEBUG_INFORMATION_FORMAT = "dwarf-with-dsym";
				ENABLE_NS_ASSERTIONS = NO;
				ENABLE_STRICT_OBJC_MSGSEND = YES;
				GCC_C_LANGUAGE_STANDARD = gnu11;
				GCC_NO_COMMON_BLOCKS = YES;
				GCC_WARN_64_TO_32_BIT_CONVERSION = YES;
				GCC_WARN_ABOUT_RETURN_TYPE = YES_ERROR;
				GCC_WARN_UNDECLARED_SELECTOR = YES;
				GCC_WARN_UNINITIALIZED_AUTOS = YES_AGGRESSIVE;
				GCC_WARN_UNUSED_FUNCTION = YES;
				GCC_WARN_UNUSED_VARIABLE = YES;
				IPHONEOS_DEPLOYMENT_TARGET = 16.0;
				MTL_ENABLE_DEBUG_INFO = NO;
				MTL_FAST_MATH = YES;
				PRODUCT_NAME = "$(TARGET_NAME)";
				SDKROOT = iphoneos;
				SWIFT_COMPILATION_MODE = wholemodule;
				SWIFT_OPTIMIZATION_LEVEL = "-O";
				SWIFT_VERSION = 5.0;
			};
			name = Release;
		};
		F0EFA67DD53FD0CDC33AEF92 /* Release */ = {
			isa = XCBuildConfiguration;
			buildSettings = {
				BUNDLE_LOADER = "$(TEST_HOST)";
				CODE_SIGNING_ALLOWED = NO;
				CODE_SIGN_STYLE = Automatic;
				GENERATE_INFOPLIST_FILE = YES;
				IPHONEOS_DEPLOYMENT_TARGET = 16.0;
				LD_RUNPATH_SEARCH_PATHS = (
					"$(inherited)",
					"@executable_path/Frameworks",
					"@loader_path/Frameworks",
				);
				PRODUCT_BUNDLE_IDENTIFIER = com.sajad.outfitsuggestor.tests;
				SDKROOT = iphoneos;
				SWIFT_VERSION = 5.0;
				TARGETED_DEVICE_FAMILY = "1,2";
				TEST_HOST = "$(BUILT_PRODUCTS_DIR)/OutfitSuggestor.app/OutfitSuggestor";
			};
			name = Release;
		};
		AB8F9850664C40FCAA0852F8 /* Release */ = {
			isa = XCBuildConfiguration;
			buildSettings = {
				CODE_SIGNING_ALLOWED = NO;
				CODE_SIGN_STYLE = Automatic;
				GENERATE_INFOPLIST_FILE = YES;
				IPHONEOS_DEPLOYMENT_TARGET = 16.0;
				PRODUCT_BUNDLE_IDENTIFIER = com.sajad.outfitsuggestor.uitests;
				PRODUCT_NAME = "$(TARGET_NAME)";
				SDKROOT = iphoneos;
				SWIFT_VERSION = 5.0;
				TARGETED_DEVICE_FAMILY = "1,2";
				TEST_TARGET_NAME = OutfitSuggestor;
			};
			name = Release;
		};
/* End XCBuildConfiguration section */

/* Begin XCConfigurationList section */
		4D23DA46B5E0DC5000E556AC /* Build configuration list for PBXProject "OutfitSuggestor" */ = {
			isa = XCConfigurationList;
			buildConfigurations = (
				AFFFB56827FD86C8DB7251A9 /* Debug */,
				C73D4E78914FCF8572069D48 /* Release */,
			);
			defaultConfigurationIsVisible = 0;
			defaultConfigurationName = Debug;
		};
		DD09C061B54BE082847E5CE1 /* Build configuration list for PBXNativeTarget "OutfitSuggestor" */ = {
			isa = XCConfigurationList;
			buildConfigurations = (
				8AF716E39165F803FEA10065 /* Debug */,
				BAFA96525811FD47E5613183 /* Release */,
			);
			defaultConfigurationIsVisible = 0;
			defaultConfigurationName = Debug;
		};
		EDB099C3F941A7762B1CB3A3 /* Build configuration list for PBXNativeTarget "OutfitSuggestorTests" */ = {
			isa = XCConfigurationList;
			buildConfigurations = (
				263E0CF038DA5A3D292998A0 /* Debug */,
				F0EFA67DD53FD0CDC33AEF92 /* Release */,
			);
			defaultConfigurationIsVisible = 0;
			defaultConfigurationName = Debug;
		};
		642F230D82F64AD6A17D0A3A /* Build configuration list for PBXNativeTarget "OutfitSuggestorUITests" */ = {
			isa = XCConfigurationList;
			buildConfigurations = (
				C0D2DF47FDBA4E5FA1524B70 /* Debug */,
				AB8F9850664C40FCAA0852F8 /* Release */,
			);
			defaultConfigurationIsVisible = 0;
			defaultConfigurationName = Debug;
		};
/* End XCConfigurationList section */
	};
	rootObject = 09B3882A3A47F24FA108F183 /* Project object */;
}
